{
  "name": "vulkan-spirv-pretty",
  "version": "0.0.1",
  "lockfileVersion": 1,
  "requires": true,
  "dependencies": {
    "vulkan-spirv": {
      "version": "0.0.1",
      "resolved": "https://registry.npmjs.org/vulkan-spirv/-/vulkan-spirv-0.0.1.tgz",
      "integrity": "sha512-ouKhtaVVDx3JR217Pt2dgYAliEkHz786GBj26NQQfkwxSvAtuNmx3BsR7lnHtfK420pSD/nvxyoLnMZ9Uuhu8w=="
    }
  }
}
